// !$*UTF8*$!
{
	archiveVersion = 1;
	classes = {
	};
	objectVersion = 56;
	objects = {

/* Begin PBXBuildFile section */
		2298C90E2CB38C690088E31E /* St_ProjApp.swift in Sources */ = {isa = PBXBuildFile; fileRef = 2298C90D2CB38C690088E31E /* St_ProjApp.swift */; };
		2298C9102CB38C690088E31E /* ContentView.swift in Sources */ = {isa = PBXBuildFile; fileRef = 2298C90F2CB38C690088E31E /* ContentView.swift */; };
		2298C9122CB38C6B0088E31E /* Assets.xcassets in Resources */ = {isa = PBXBuildFile; fileRef = 2298C9112CB38C6B0088E31E /* Assets.xcassets */; };
		2298C9152CB38C6B0088E31E /* Preview Assets.xcassets in Resources */ = {isa = PBXBuildFile; fileRef = 2298C9142CB38C6B0088E31E /* Preview Assets.xcassets */; };
		2298C91F2CB38C6C0088E31E /* St_ProjTests.swift in Sources */ = {isa = PBXBuildFile; fileRef = 2298C91E2CB38C6C0088E31E /* St_ProjTests.swift */; };
		2298C9292CB38C6C0088E31E /* St_ProjUITests.swift in Sources */ = {isa = PBXBuildFile; fileRef = 2298C9282CB38C6C0088E31E /* St_ProjUITests.swift */; };
		2298C92B2CB38C6C0088E31E /* St_ProjUITestsLaunchTests.swift in Sources */ = {isa = PBXBuildFile; fileRef = 2298C92A2CB38C6C0088E31E /* St_ProjUITestsLaunchTests.swift */; };
/* End PBXBuildFile section */

/* Begin PBXContainerItemProxy section */
		2298C91B2CB38C6C0088E31E /* PBXContainerItemProxy */ = {
			isa = PBXContainerItemProxy;
			containerPortal = 2298C9022CB38C690088E31E /* Project object */;
			proxyType = 1;
			remoteGlobalIDString = 2298C9092CB38C690088E31E;
			remoteInfo = St_Proj;
		};
		2298C9252CB38C6C0088E31E /* PBXContainerItemProxy */ = {
			isa = PBXContainerItemProxy;
			containerPortal = 2298C9022CB38C690088E31E /* Project object */;
			proxyType = 1;
			remoteGlobalIDString = 2298C9092CB38C690088E31E;
			remoteInfo = St_Proj;
		};
/* End PBXContainerItemProxy section */

/* Begin PBXFileReference section */
		2298C90A2CB38C690088E31E /* St_Proj.app */ = {isa = PBXFileReference; explicitFileType = wrapper.application; includeInIndex = 0; path = St_Proj.app; sourceTree = BUILT_PRODUCTS_DIR; };
		2298C90D2CB38C690088E31E /* St_ProjApp.swift */ = {isa = PBXFileReference; lastKnownFileType = sourcecode.swift; path = St_ProjApp.swift; sourceTree = "<group>"; };
		2298C90F2CB38C690088E31E /* ContentView.swift */ = {isa = PBXFileReference; lastKnownFileType = sourcecode.swift; path = ContentView.swift; sourceTree = "<group>"; };
		2298C9112CB38C6B0088E31E /* Assets.xcassets */ = {isa = PBXFileReference; lastKnownFileType = folder.assetcatalog; path = Assets.xcassets; sourceTree = "<group>"; };
		2298C9142CB38C6B0088E31E /* Preview Assets.xcassets */ = {isa = PBXFileReference; lastKnownFileType = folder.assetcatalog; path = "Preview Assets.xcassets"; sourceTree = "<group>"; };
		2298C91A2CB38C6C0088E31E /* St_ProjTests.xctest */ = {isa = PBXFileReference; explicitFileType = wrapper.cfbundle; includeInIndex = 0; path = St_ProjTests.xctest; sourceTree = BUILT_PRODUCTS_DIR; };
		2298C91E2CB38C6C0088E31E /* St_ProjTests.swift */ = {isa = PBXFileReference; lastKnownFileType = sourcecode.swift; path = St_ProjTests.swift; sourceTree = "<group>"; };
		2298C9242CB38C6C0088E31E /* St_ProjUITests.xctest */ = {isa = PBXFileReference; explicitFileType = wrapper.cfbundle; includeInIndex = 0; path = St_ProjUITests.xctest; sourceTree = BUILT_PRODUCTS_DIR; };
		2298C9282CB38C6C0088E31E /* St_ProjUITests.swift */ = {isa = PBXFileReference; lastKnownFileType = sourcecode.swift; path = St_ProjUITests.swift; sourceTree = "<group>"; };
		2298C92A2CB38C6C0088E31E /* St_ProjUITestsLaunchTests.swift */ = {isa = PBXFileReference; lastKnownFileType = sourcecode.swift; path = St_ProjUITestsLaunchTests.swift; sourceTree = "<group>"; };
/* End PBXFileReference section */

/* Begin PBXFrameworksBuildPhase section */
		2298C9072CB38C690088E31E /* Frameworks */ = {
			isa = PBXFrameworksBuildPhase;
			buildActionMask = 2147483647;
			files = (
			);
			runOnlyForDeploymentPostprocessing = 0;
		};
		2298C9172CB38C6C0088E31E /* Frameworks */ = {
			isa = PBXFrameworksBuildPhase;
			buildActionMask = 2147483647;
			files = (
			);
			runOnlyForDeploymentPostprocessing = 0;
		};
		2298C9212CB38C6C0088E31E /* Frameworks */ = {
			isa = PBXFrameworksBuildPhase;
			buildActionMask = 2147483647;
			files = (
			);
			runOnlyForDeploymentPostprocessing = 0;
		};
/* End PBXFrameworksBuildPhase section */

/* Begin PBXGroup section */
		2298C9012CB38C690088E31E = {
			isa = PBXGroup;
			children = (
				2298C90C2CB38C690088E31E /* St_Proj */,
				2298C91D2CB38C6C0088E31E /* St_ProjTests */,
				2298C9272CB38C6C0088E31E /* St_ProjUITests */,
				2298C90B2CB38C690088E31E /* Products */,
			);
			sourceTree = "<group>";
		};
		2298C90B2CB38C690088E31E /* Products */ = {
			isa = PBXGroup;
			children = (
				2298C90A2CB38C690088E31E /* St_Proj.app */,
				2298C91A2CB38C6C0088E31E /* St_ProjTests.xctest */,
				2298C9242CB38C6C0088E31E /* St_ProjUITests.xctest */,
			);
			name = Products;
			sourceTree = "<group>";
		};
		2298C90C2CB38C690088E31E /* St_Proj */ = {
			isa = PBXGroup;
			children = (
				2298C90D2CB38C690088E31E /* St_ProjApp.swift */,
				2298C90F2CB38C690088E31E /* ContentView.swift */,
				2298C9112CB38C6B0088E31E /* Assets.xcassets */,
				2298C9132CB38C6B0088E31E /* Preview Content */,
			);
			path = St_Proj;
			sourceTree = "<group>";
		};
		2298C9132CB38C6B0088E31E /* Preview Content */ = {
			isa = PBXGroup;
			children = (
				2298C9142CB38C6B0088E31E /* Preview Assets.xcassets */,
			);
			path = "Preview Content";
			sourceTree = "<group>";
		};
		2298C91D2CB38C6C0088E31E /* St_ProjTests */ = {
			isa = PBXGroup;
			children = (
				2298C91E2CB38C6C0088E31E /* St_ProjTests.swift */,
			);
			path = St_ProjTests;
			sourceTree = "<group>";
		};
		2298C9272CB38C6C0088E31E /* St_ProjUITests */ = {
			isa = PBXGroup;
			children = (
				2298C9282CB38C6C0088E31E /* St_ProjUITests.swift */,
				2298C92A2CB38C6C0088E31E /* St_ProjUITestsLaunchTests.swift */,
			);
			path = St_ProjUITests;
			sourceTree = "<group>";
		};
/* End PBXGroup section */

/* Begin PBXNativeTarget section */
		2298C9092CB38C690088E31E /* St_Proj */ = {
			isa = PBXNativeTarget;
			buildConfigurationList = 2298C92E2CB38C6C0088E31E /* Build configuration list for PBXNativeTarget "St_Proj" */;
			buildPhases = (
				2298C9062CB38C690088E31E /* Sources */,
				2298C9072CB38C690088E31E /* Frameworks */,
				2298C9082CB38C690088E31E /* Resources */,
			);
			buildRules = (
			);
			dependencies = (
			);
			name = St_Proj;
			productName = St_Proj;
			productReference = 2298C90A2CB38C690088E31E /* St_Proj.app */;
			productType = "com.apple.product-type.application";
		};
		2298C9192CB38C6C0088E31E /* St_ProjTests */ = {
			isa = PBXNativeTarget;
			buildConfigurationList = 2298C9312CB38C6C0088E31E /* Build configuration list for PBXNativeTarget "St_ProjTests" */;
			buildPhases = (
				2298C9162CB38C6C0088E31E /* Sources */,
				2298C9172CB38C6C0088E31E /* Frameworks */,
				2298C9182CB38C6C0088E31E /* Resources */,
			);
			buildRules = (
			);
			dependencies = (
				2298C91C2CB38C6C0088E31E /* PBXTargetDependency */,
			);
			name = St_ProjTests;
			productName = St_ProjTests;
			productReference = 2298C91A2CB38C6C0088E31E /* St_ProjTests.xctest */;
			productType = "com.apple.product-type.bundle.unit-test";
		};
		2298C9232CB38C6C0088E31E /* St_ProjUITests */ = {
			isa = PBXNativeTarget;
			buildConfigurationList = 2298C9342CB38C6C0088E31E /* Build configuration list for PBXNativeTarget "St_ProjUITests" */;
			buildPhases = (
				2298C9202CB38C6C0088E31E /* Sources */,
				2298C9212CB38C6C0088E31E /* Frameworks */,
				2298C9222CB38C6C0088E31E /* Resources */,
			);
			buildRules = (
			);
			dependencies = (
				2298C9262CB38C6C0088E31E /* PBXTargetDependency */,
			);
			name = St_ProjUITests;
			productName = St_ProjUITests;
			productReference = 2298C9242CB38C6C0088E31E /* St_ProjUITests.xctest */;
			productType = "com.apple.product-type.bundle.ui-testing";
		};
/* End PBXNativeTarget section */

/* Begin PBXProject section */
		2298C9022CB38C690088E31E /* Project object */ = {
			isa = PBXProject;
			attributes = {
				BuildIndependentTargetsInParallel = 1;
				LastSwiftUpdateCheck = 1520;
				LastUpgradeCheck = 1520;
				TargetAttributes = {
					2298C9092CB38C690088E31E = {
						CreatedOnToolsVersion = 15.2;
					};
					2298C9192CB38C6C0088E31E = {
						CreatedOnToolsVersion = 15.2;
						TestTargetID = 2298C9092CB38C690088E31E;
					};
					2298C9232CB38C6C0088E31E = {
						CreatedOnToolsVersion = 15.2;
						TestTargetID = 2298C9092CB38C690088E31E;
					};
				};
			};
			buildConfigurationList = 2298C9052CB38C690088E31E /* Build configuration list for PBXProject "St_Proj" */;
			compatibilityVersion = "Xcode 14.0";
			developmentRegion = en;
			hasScannedForEncodings = 0;
			knownRegions = (
				en,
				Base,
			);
			mainGroup = 2298C9012CB38C690088E31E;
			productRefGroup = 2298C90B2CB38C690088E31E /* Products */;
			projectDirPath = "";
			projectRoot = "";
			targets = (
				2298C9092CB38C690088E31E /* St_Proj */,
				2298C9192CB38C6C0088E31E /* St_ProjTests */,
				2298C9232CB38C6C0088E31E /* St_ProjUITests */,
			);
		};
/* End PBXProject section */

/* Begin PBXResourcesBuildPhase section */
		2298C9082CB38C690088E31E /* Resources */ = {
			isa = PBXResourcesBuildPhase;
			buildActionMask = 2147483647;
			files = (
				2298C9152CB38C6B0088E31E /* Preview Assets.xcassets in Resources */,
				2298C9122CB38C6B0088E31E /* Assets.xcassets in Resources */,
			);
			runOnlyForDeploymentPostprocessing = 0;
		};
		2298C9182CB38C6C0088E31E /* Resources */ = {
			isa = PBXResourcesBuildPhase;
			buildActionMask = 2147483647;
			files = (
			);
			runOnlyForDeploymentPostprocessing = 0;
		};
		2298C9222CB38C6C0088E31E /* Resources */ = {
			isa = PBXResourcesBuildPhase;
			buildActionMask = 2147483647;
			files = (
			);
			runOnlyForDeploymentPostprocessing = 0;
		};
/* End PBXResourcesBuildPhase section */

/* Begin PBXSourcesBuildPhase section */
		2298C9062CB38C690088E31E /* Sources */ = {
			isa = PBXSourcesBuildPhase;
			buildActionMask = 2147483647;
			files = (
				2298C9102CB38C690088E31E /* ContentView.swift in Sources */,
				2298C90E2CB38C690088E31E /* St_ProjApp.swift in Sources */,
			);
			runOnlyForDeploymentPostprocessing = 0;
		};
		2298C9162CB38C6C0088E31E /* Sources */ = {
			isa = PBXSourcesBuildPhase;
			buildActionMask = 2147483647;
			files = (
				2298C91F2CB38C6C0088E31E /* St_ProjTests.swift in Sources */,
			);
			runOnlyForDeploymentPostprocessing = 0;
		};
		2298C9202CB38C6C0088E31E /* Sources */ = {
			isa = PBXSourcesBuildPhase;
			buildActionMask = 2147483647;
			files = (
				2298C92B2CB38C6C0088E31E /* St_ProjUITestsLaunchTests.swift in Sources */,
				2298C9292CB38C6C0088E31E /* St_ProjUITests.swift in Sources */,
			);
			runOnlyForDeploymentPostprocessing = 0;
		};
/* End PBXSourcesBuildPhase section */

/* Begin PBXTargetDependency section */
		2298C91C2CB38C6C0088E31E /* PBXTargetDependency */ = {
			isa = PBXTargetDependency;
			target = 2298C9092CB38C690088E31E /* St_Proj */;
			targetProxy = 2298C91B2CB38C6C0088E31E /* PBXContainerItemProxy */;
		};
		2298C9262CB38C6C0088E31E /* PBXTargetDependency */ = {
			isa = PBXTargetDependency;
			target = 2298C9092CB38C690088E31E /* St_Proj */;
			targetProxy = 2298C9252CB38C6C0088E31E /* PBXContainerItemProxy */;
		};
/* End PBXTargetDependency section */

/* Begin XCBuildConfiguration section */
		2298C92C2CB38C6C0088E31E /* Debug */ = {
			isa = XCBuildConfiguration;
			buildSettings = {
				ALWAYS_SEARCH_USER_PATHS = NO;
				ASSETCATALOG_COMPILER_GENERATE_SWIFT_ASSET_SYMBOL_EXTENSIONS = YES;
				CLANG_ANALYZER_NONNULL = YES;
				CLANG_ANALYZER_NUMBER_OBJECT_CONVERSION = YES_AGGRESSIVE;
				CLANG_CXX_LANGUAGE_STANDARD = "gnu++20";
				CLANG_ENABLE_MODULES = YES;
				CLANG_ENABLE_OBJC_ARC = YES;
				CLANG_ENABLE_OBJC_WEAK = YES;
				CLANG_WARN_BLOCK_CAPTURE_AUTORELEASING = YES;
				CLANG_WARN_BOOL_CONVERSION = YES;
				CLANG_WARN_COMMA = YES;
				CLANG_WARN_CONSTANT_CONVERSION = YES;
				CLANG_WARN_DEPRECATED_OBJC_IMPLEMENTATIONS = YES;
				CLANG_WARN_DIRECT_OBJC_ISA_USAGE = YES_ERROR;
				CLANG_WARN_DOCUMENTATION_COMMENTS = YES;
				CLANG_WARN_EMPTY_BODY = YES;
				CLANG_WARN_ENUM_CONVERSION = YES;
				CLANG_WARN_INFINITE_RECURSION = YES;
				CLANG_WARN_INT_CONVERSION = YES;
				CLANG_WARN_NON_LITERAL_NULL_CONVERSION = YES;
				CLANG_WARN_OBJC_IMPLICIT_RETAIN_SELF = YES;
				CLANG_WARN_OBJC_LITERAL_CONVERSION = YES;
				CLANG_WARN_OBJC_ROOT_CLASS = YES_ERROR;
				CLANG_WARN_QUOTED_INCLUDE_IN_FRAMEWORK_HEADER = YES;
				CLANG_WARN_RANGE_LOOP_ANALYSIS = YES;
				CLANG_WARN_STRICT_PROTOTYPES = YES;
				CLANG_WARN_SUSPICIOUS_MOVE = YES;
				CLANG_WARN_UNGUARDED_AVAILABILITY = YES_AGGRESSIVE;
				CLANG_WARN_UNREACHABLE_CODE = YES;
				CLANG_WARN__DUPLICATE_METHOD_MATCH = YES;
				COPY_PHASE_STRIP = NO;
				DEBUG_INFORMATION_FORMAT = dwarf;
				ENABLE_STRICT_OBJC_MSGSEND = YES;
				ENABLE_TESTABILITY = YES;
				ENABLE_USER_SCRIPT_SANDBOXING = YES;
				GCC_C_LANGUAGE_STANDARD = gnu17;
				GCC_DYNAMIC_NO_PIC = NO;
				GCC_NO_COMMON_BLOCKS = YES;
				GCC_OPTIMIZATION_LEVEL = 0;
				GCC_PREPROCESSOR_DEFINITIONS = (
					"DEBUG=1",
					"$(inherited)",
				);
				GCC_WARN_64_TO_32_BIT_CONVERSION = YES;
				GCC_WARN_ABOUT_RETURN_TYPE = YES_ERROR;
				GCC_WARN_UNDECLARED_SELECTOR = YES;
				GCC_WARN_UNINITIALIZED_AUTOS = YES_AGGRESSIVE;
				GCC_WARN_UNUSED_FUNCTION = YES;
				GCC_WARN_UNUSED_VARIABLE = YES;
				IPHONEOS_DEPLOYMENT_TARGET = 17.2;
				LOCALIZATION_PREFERS_STRING_CATALOGS = YES;
				MTL_ENABLE_DEBUG_INFO = INCLUDE_SOURCE;
				MTL_FAST_MATH = YES;
				ONLY_ACTIVE_ARCH = YES;
				SDKROOT = iphoneos;
				SWIFT_ACTIVE_COMPILATION_CONDITIONS = "DEBUG $(inherited)";
				SWIFT_OPTIMIZATION_LEVEL = "-Onone";
			};
			name = Debug;
		};
		2298C92D2CB38C6C0088E31E /* Release */ = {
			isa = XCBuildConfiguration;
			buildSettings = {
				ALWAYS_SEARCH_USER_PATHS = NO;
				ASSETCATALOG_COMPILER_GENERATE_SWIFT_ASSET_SYMBOL_EXTENSIONS = YES;
				CLANG_ANALYZER_NONNULL = YES;
				CLANG_ANALYZER_NUMBER_OBJECT_CONVERSION = YES_AGGRESSIVE;
				CLANG_CXX_LANGUAGE_STANDARD = "gnu++20";
				CLANG_ENABLE_MODULES = YES;
				CLANG_ENABLE_OBJC_ARC = YES;
				CLANG_ENABLE_OBJC_WEAK = YES;
				CLANG_WARN_BLOCK_CAPTURE_AUTORELEASING = YES;
				CLANG_WARN_BOOL_CONVERSION = YES;
				CLANG_WARN_COMMA = YES;
				CLANG_WARN_CONSTANT_CONVERSION = YES;
				CLANG_WARN_DEPRECATED_OBJC_IMPLEMENTATIONS = YES;
				CLANG_WARN_DIRECT_OBJC_ISA_USAGE = YES_ERROR;
				CLANG_WARN_DOCUMENTATION_COMMENTS = YES;
				CLANG_WARN_EMPTY_BODY = YES;
				CLANG_WARN_ENUM_CONVERSION = YES;
				CLANG_WARN_INFINITE_RECURSION = YES;
				CLANG_WARN_INT_CONVERSION = YES;
				CLANG_WARN_NON_LITERAL_NULL_CONVERSION = YES;
				CLANG_WARN_OBJC_IMPLICIT_RETAIN_SELF = YES;
				CLANG_WARN_OBJC_LITERAL_CONVERSION = YES;
				CLANG_WARN_OBJC_ROOT_CLASS = YES_ERROR;
				CLANG_WARN_QUOTED_INCLUDE_IN_FRAMEWORK_HEADER = YES;
				CLANG_WARN_RANGE_LOOP_ANALYSIS = YES;
				CLANG_WARN_STRICT_PROTOTYPES = YES;
				CLANG_WARN_SUSPICIOUS_MOVE = YES;
				CLANG_WARN_UNGUARDED_AVAILABILITY = YES_AGGRESSIVE;
				CLANG_WARN_UNREACHABLE_CODE = YES;
				CLANG_WARN__DUPLICATE_METHOD_MATCH = YES;
				COPY_PHASE_STRIP = NO;
				DEBUG_INFORMATION_FORMAT = "dwarf-with-dsym";
				ENABLE_NS_ASSERTIONS = NO;
				ENABLE_STRICT_OBJC_MSGSEND = YES;
				ENABLE_USER_SCRIPT_SANDBOXING = YES;
				GCC_C_LANGUAGE_STANDARD = gnu17;
				GCC_NO_COMMON_BLOCKS = YES;
				GCC_WARN_64_TO_32_BIT_CONVERSION = YES;
				GCC_WARN_ABOUT_RETURN_TYPE = YES_ERROR;
				GCC_WARN_UNDECLARED_SELECTOR = YES;
				GCC_WARN_UNINITIALIZED_AUTOS = YES_AGGRESSIVE;
				GCC_WARN_UNUSED_FUNCTION = YES;
				GCC_WARN_UNUSED_VARIABLE = YES;
				IPHONEOS_DEPLOYMENT_TARGET = 17.2;
				LOCALIZATION_PREFERS_STRING_CATALOGS = YES;
				MTL_ENABLE_DEBUG_INFO = NO;
				MTL_FAST_MATH = YES;
				SDKROOT = iphoneos;
				SWIFT_COMPILATION_MODE = wholemodule;
				VALIDATE_PRODUCT = YES;
			};
			name = Release;
		};
		2298C92F2CB38C6C0088E31E /* Debug */ = {
			isa = XCBuildConfiguration;
			buildSettings = {
				ASSETCATALOG_COMPILER_APPICON_NAME = AppIcon;
				ASSETCATALOG_COMPILER_GLOBAL_ACCENT_COLOR_NAME = AccentColor;
				CODE_SIGN_STYLE = Automatic;
				CURRENT_PROJECT_VERSION = 1;
				DEVELOPMENT_ASSET_PATHS = "\"St_Proj/Preview Content\"";
				ENABLE_PREVIEWS = YES;
				GENERATE_INFOPLIST_FILE = YES;
				INFOPLIST_KEY_UIApplicationSceneManifest_Generation = YES;
				INFOPLIST_KEY_UIApplicationSupportsIndirectInputEvents = YES;
				INFOPLIST_KEY_UILaunchScreen_Generation = YES;
				INFOPLIST_KEY_UISupportedInterfaceOrientations_iPad = "UIInterfaceOrientationPortrait UIInterfaceOrientationPortraitUpsideDown UIInterfaceOrientationLandscapeLeft UIInterfaceOrientationLandscapeRight";
				INFOPLIST_KEY_UISupportedInterfaceOrientations_iPhone = "UIInterfaceOrientationPortrait UIInterfaceOrientationLandscapeLeft UIInterfaceOrientationLandscapeRight";
				LD_RUNPATH_SEARCH_PATHS = (
					"$(inherited)",
					"@executable_path/Frameworks",
				);
				MARKETING_VERSION = 1.0;
				PRODUCT_BUNDLE_IDENTIFIER = "m.St-Proj";
				PRODUCT_NAME = "$(TARGET_NAME)";
				SWIFT_EMIT_LOC_STRINGS = YES;
				SWIFT_VERSION = 5.0;
				TARGETED_DEVICE_FAMILY = "1,2";
			};
			name = Debug;
		};
		2298C9302CB38C6C0088E31E /* Release */ = {
			isa = XCBuildConfiguration;
			buildSettings = {
				ASSETCATALOG_COMPILER_APPICON_NAME = AppIcon;
				ASSETCATALOG_COMPILER_GLOBAL_ACCENT_COLOR_NAME = AccentColor;
				CODE_SIGN_STYLE = Automatic;
				CURRENT_PROJECT_VERSION = 1;
				DEVELOPMENT_ASSET_PATHS = "\"St_Proj/Preview Content\"";
				ENABLE_PREVIEWS = YES;
				GENERATE_INFOPLIST_FILE = YES;
				INFOPLIST_KEY_UIApplicationSceneManifest_Generation = YES;
				INFOPLIST_KEY_UIApplicationSupportsIndirectInputEvents = YES;
				INFOPLIST_KEY_UILaunchScreen_Generation = YES;
				INFOPLIST_KEY_UISupportedInterfaceOrientations_iPad = "UIInterfaceOrientationPortrait UIInterfaceOrientationPortraitUpsideDown UIInterfaceOrientationLandscapeLeft UIInterfaceOrientationLandscapeRight";
				INFOPLIST_KEY_UISupportedInterfaceOrientations_iPhone = "UIInterfaceOrientationPortrait UIInterfaceOrientationLandscapeLeft UIInterfaceOrientationLandscapeRight";
				LD_RUNPATH_SEARCH_PATHS = (
					"$(inherited)",
					"@executable_path/Frameworks",
				);
				MARKETING_VERSION = 1.0;
				PRODUCT_BUNDLE_IDENTIFIER = "m.St-Proj";
				PRODUCT_NAME = "$(TARGET_NAME)";
				SWIFT_EMIT_LOC_STRINGS = YES;
				SWIFT_VERSION = 5.0;
				TARGETED_DEVICE_FAMILY = "1,2";
			};
			name = Release;
		};
		2298C9322CB38C6C0088E31E /* Debug */ = {
			isa = XCBuildConfiguration;
			buildSettings = {
				ALWAYS_EMBED_SWIFT_STANDARD_LIBRARIES = YES;
				BUNDLE_LOADER = "$(TEST_HOST)";
				CODE_SIGN_STYLE = Automatic;
				CURRENT_PROJECT_VERSION = 1;
				GENERATE_INFOPLIST_FILE = YES;
				IPHONEOS_DEPLOYMENT_TARGET = 17.2;
				MARKETING_VERSION = 1.0;
				PRODUCT_BUNDLE_IDENTIFIER = "m.St-ProjTests";
				PRODUCT_NAME = "$(TARGET_NAME)";
				SWIFT_EMIT_LOC_STRINGS = NO;
				SWIFT_VERSION = 5.0;
				TARGETED_DEVICE_FAMILY = "1,2";
				TEST_HOST = "$(BUILT_PRODUCTS_DIR)/St_Proj.app/$(BUNDLE_EXECUTABLE_FOLDER_PATH)/St_Proj";
			};
			name = Debug;
		};
		2298C9332CB38C6C0088E31E /* Release */ = {
			isa = XCBuildConfiguration;
			buildSettings = {
				ALWAYS_EMBED_SWIFT_STANDARD_LIBRARIES = YES;
				BUNDLE_LOADER = "$(TEST_HOST)";
				CODE_SIGN_STYLE = Automatic;
				CURRENT_PROJECT_VERSION = 1;
				GENERATE_INFOPLIST_FILE = YES;
				IPHONEOS_DEPLOYMENT_TARGET = 17.2;
				MARKETING_VERSION = 1.0;
				PRODUCT_BUNDLE_IDENTIFIER = "m.St-ProjTests";
				PRODUCT_NAME = "$(TARGET_NAME)";
				SWIFT_EMIT_LOC_STRINGS = NO;
				SWIFT_VERSION = 5.0;
				TARGETED_DEVICE_FAMILY = "1,2";
				TEST_HOST = "$(BUILT_PRODUCTS_DIR)/St_Proj.app/$(BUNDLE_EXECUTABLE_FOLDER_PATH)/St_Proj";
			};
			name = Release;
		};
		2298C9352CB38C6C0088E31E /* Debug */ = {
			isa = XCBuildConfiguration;
			buildSettings = {
				ALWAYS_EMBED_SWIFT_STANDARD_LIBRARIES = YES;
				CODE_SIGN_STYLE = Automatic;
				CURRENT_PROJECT_VERSION = 1;
				GENERATE_INFOPLIST_FILE = YES;
				MARKETING_VERSION = 1.0;
				PRODUCT_BUNDLE_IDENTIFIER = "m.St-ProjUITests";
				PRODUCT_NAME = "$(TARGET_NAME)";
				SWIFT_EMIT_LOC_STRINGS = NO;
				SWIFT_VERSION = 5.0;
				TARGETED_DEVICE_FAMILY = "1,2";
				TEST_TARGET_NAME = St_Proj;
			};
			name = Debug;
		};
		2298C9362CB38C6C0088E31E /* Release */ = {
			isa = XCBuildConfiguration;
			buildSettings = {
				ALWAYS_EMBED_SWIFT_STANDARD_LIBRARIES = YES;
				CODE_SIGN_STYLE = Automatic;
				CURRENT_PROJECT_VERSION = 1;
				GENERATE_INFOPLIST_FILE = YES;
				MARKETING_VERSION = 1.0;
				PRODUCT_BUNDLE_IDENTIFIER = "m.St-ProjUITests";
				PRODUCT_NAME = "$(TARGET_NAME)";
				SWIFT_EMIT_LOC_STRINGS = NO;
				SWIFT_VERSION = 5.0;
				TARGETED_DEVICE_FAMILY = "1,2";
				TEST_TARGET_NAME = St_Proj;
			};
			name = Release;
		};
/* End XCBuildConfiguration section */

/* Begin XCConfigurationList section */
		2298C9052CB38C690088E31E /* Build configuration list for PBXProject "St_Proj" */ = {
			isa = XCConfigurationList;
			buildConfigurations = (
				2298C92C2CB38C6C0088E31E /* Debug */,
				2298C92D2CB38C6C0088E31E /* Release */,
			);
			defaultConfigurationIsVisible = 0;
			defaultConfigurationName = Release;
		};
		2298C92E2CB38C6C0088E31E /* Build configuration list for PBXNativeTarget "St_Proj" */ = {
			isa = XCConfigurationList;
			buildConfigurations = (
				2298C92F2CB38C6C0088E31E /* Debug */,
				2298C9302CB38C6C0088E31E /* Release */,
			);
			defaultConfigurationIsVisible = 0;
			defaultConfigurationName = Release;
		};
		2298C9312CB38C6C0088E31E /* Build configuration list for PBXNativeTarget "St_ProjTests" */ = {
			isa = XCConfigurationList;
			buildConfigurations = (
				2298C9322CB38C6C0088E31E /* Debug */,
				2298C9332CB38C6C0088E31E /* Release */,
			);
			defaultConfigurationIsVisible = 0;
			defaultConfigurationName = Release;
		};
		2298C9342CB38C6C0088E31E /* Build configuration list for PBXNativeTarget "St_ProjUITests" */ = {
			isa = XCConfigurationList;
			buildConfigurations = (
				2298C9352CB38C6C0088E31E /* Debug */,
				2298C9362CB38C6C0088E31E /* Release */,
			);
			defaultConfigurationIsVisible = 0;
			defaultConfigurationName = Release;
		};
/* End XCConfigurationList section */
	};
	rootObject = 2298C9022CB38C690088E31E /* Project object */;
}
